// !$*UTF8*$!
{
	archiveVersion = 1;
	classes = {
	};
	objectVersion = 46;
	objects = {

/* Begin PBXBuildFile section */
		2423B1841D0D262D00A31ED2 /* AppDelegate.swift in Sources */ = {isa = PBXBuildFile; fileRef = 2423B1831D0D262D00A31ED2 /* AppDelegate.swift */; };
		2423B1861D0D262D00A31ED2 /* ViewController.swift in Sources */ = {isa = PBXBuildFile; fileRef = 2423B1851D0D262D00A31ED2 /* ViewController.swift */; };
		2423B1891D0D262D00A31ED2 /* Main.storyboard in Resources */ = {isa = PBXBuildFile; fileRef = 2423B1871D0D262D00A31ED2 /* Main.storyboard */; };
		2423B18C1D0D262D00A31ED2 /* AirHorn.xcdatamodeld in Sources */ = {isa = PBXBuildFile; fileRef = 2423B18A1D0D262D00A31ED2 /* AirHorn.xcdatamodeld */; };
		2423B18E1D0D262D00A31ED2 /* Assets.xcassets in Resources */ = {isa = PBXBuildFile; fileRef = 2423B18D1D0D262D00A31ED2 /* Assets.xcassets */; };
		2423B1911D0D262D00A31ED2 /* LaunchScreen.storyboard in Resources */ = {isa = PBXBuildFile; fileRef = 2423B18F1D0D262D00A31ED2 /* LaunchScreen.storyboard */; };
		2423B1991D0D27B500A31ED2 /* AIRHORN.mp3 in Resources */ = {isa = PBXBuildFile; fileRef = 2423B1981D0D27B500A31ED2 /* AIRHORN.mp3 */; };
/* End PBXBuildFile section */

/* Begin PBXFileReference section */
		2423B1801D0D262D00A31ED2 /* AirHorn.app */ = {isa = PBXFileReference; explicitFileType = wrapper.application; includeInIndex = 0; path = AirHorn.app; sourceTree = BUILT_PRODUCTS_DIR; };
		2423B1831D0D262D00A31ED2 /* AppDelegate.swift */ = {isa = PBXFileReference; lastKnownFileType = sourcecode.swift; path = AppDelegate.swift; sourceTree = "<group>"; };
		2423B1851D0D262D00A31ED2 /* ViewController.swift */ = {isa = PBXFileReference; lastKnownFileType = sourcecode.swift; path = ViewController.swift; sourceTree = "<group>"; };
		2423B1881D0D262D00A31ED2 /* Base */ = {isa = PBXFileReference; lastKnownFileType = file.storyboard; name = Base; path = Base.lproj/Main.storyboard; sourceTree = "<group>"; };
		2423B18B1D0D262D00A31ED2 /* AirHorn.xcdatamodel */ = {isa = PBXFileReference; lastKnownFileType = wrapper.xcdatamodel; path = AirHorn.xcdatamodel; sourceTree = "<group>"; };
		2423B18D1D0D262D00A31ED2 /* Assets.xcassets */ = {isa = PBXFileReference; lastKnownFileType = folder.assetcatalog; path = Assets.xcassets; sourceTree = "<group>"; };
		2423B1901D0D262D00A31ED2 /* Base */ = {isa = PBXFileReference; lastKnownFileType = file.storyboard; name = Base; path = Base.lproj/LaunchScreen.storyboard; sourceTree = "<group>"; };
		2423B1921D0D262D00A31ED2 /* Info.plist */ = {isa = PBXFileReference; lastKnownFileType = text.plist.xml; path = Info.plist; sourceTree = "<group>"; };
		2423B1981D0D27B500A31ED2 /* AIRHORN.mp3 */ = {isa = PBXFileReference; lastKnownFileType = audio.mp3; path = AIRHORN.mp3; sourceTree = "<group>"; };
/* End PBXFileReference section */

/* Begin PBXFrameworksBuildPhase section */
		2423B17D1D0D262D00A31ED2 /* Frameworks */ = {
			isa = PBXFrameworksBuildPhase;
			buildActionMask = 2147483647;
			files = (
			);
			runOnlyForDeploymentPostprocessing = 0;
		};
/* End PBXFrameworksBuildPhase section */

/* Begin PBXGroup section */
		2423B1771D0D262D00A31ED2 = {
			isa = PBXGroup;
			children = (
				2423B1821D0D262D00A31ED2 /* AirHorn */,
				2423B1811D0D262D00A31ED2 /* Products */,
			);
			sourceTree = "<group>";
		};
		2423B1811D0D262D00A31ED2 /* Products */ = {
			isa = PBXGroup;
			children = (
				2423B1801D0D262D00A31ED2 /* AirHorn.app */,
			);
			name = Products;
			sourceTree = "<group>";
		};
		2423B1821D0D262D00A31ED2 /* AirHorn */ = {
			isa = PBXGroup;
			children = (
				2423B1831D0D262D00A31ED2 /* AppDelegate.swift */,
				2423B1851D0D262D00A31ED2 /* ViewController.swift */,
				2423B1871D0D262D00A31ED2 /* Main.storyboard */,
				2423B18D1D0D262D00A31ED2 /* Assets.xcassets */,
				2423B18F1D0D262D00A31ED2 /* LaunchScreen.storyboard */,
				2423B1921D0D262D00A31ED2 /* Info.plist */,
				2423B18A1D0D262D00A31ED2 /* AirHorn.xcdatamodeld */,
				2423B1981D0D27B500A31ED2 /* AIRHORN.mp3 */,
			);
			path = AirHorn;
			sourceTree = "<group>";
		};
/* End PBXGroup section */

/* Begin PBXNativeTarget section */
		2423B17F1D0D262D00A31ED2 /* AirHorn */ = {
			isa = PBXNativeTarget;
			buildConfigurationList = 2423B1951D0D262D00A31ED2 /* Build configuration list for PBXNativeTarget "AirHorn" */;
			buildPhases = (
				2423B17C1D0D262D00A31ED2 /* Sources */,
				2423B17D1D0D262D00A31ED2 /* Frameworks */,
				2423B17E1D0D262D00A31ED2 /* Resources */,
			);
			buildRules = (
			);
			dependencies = (
			);
			name = AirHorn;
			productName = AirHorn;
			productReference = 2423B1801D0D262D00A31ED2 /* AirHorn.app */;
			productType = "com.apple.product-type.application";
		};
/* End PBXNativeTarget section */

/* Begin PBXProject section */
		2423B1781D0D262D00A31ED2 /* Project object */ = {
			isa = PBXProject;
			attributes = {
				LastSwiftUpdateCheck = 0730;
				LastUpgradeCheck = 0730;
				ORGANIZATIONNAME = fnord;
				TargetAttributes = {
					2423B17F1D0D262D00A31ED2 = {
						CreatedOnToolsVersion = 7.3.1;
						DevelopmentTeam = P2PP2EM79F;
					};
				};
			};
			buildConfigurationList = 2423B17B1D0D262D00A31ED2 /* Build configuration list for PBXProject "AirHorn" */;
			compatibilityVersion = "Xcode 3.2";
			developmentRegion = English;
			hasScannedForEncodings = 0;
			knownRegions = (
				en,
				Base,
			);
			mainGroup = 2423B1771D0D262D00A31ED2;
			productRefGroup = 2423B1811D0D262D00A31ED2 /* Products */;
			projectDirPath = "";
			projectRoot = "";
			targets = (
				2423B17F1D0D262D00A31ED2 /* AirHorn */,
			);
		};
/* End PBXProject section */

/* Begin PBXResourcesBuildPhase section */
		2423B17E1D0D262D00A31ED2 /* Resources */ = {
			isa = PBXResourcesBuildPhase;
			buildActionMask = 2147483647;
			files = (
				2423B1991D0D27B500A31ED2 /* AIRHORN.mp3 in Resources */,
				2423B1911D0D262D00A31ED2 /* LaunchScreen.storyboard in Resources */,
				2423B18E1D0D262D00A31ED2 /* Assets.xcassets in Resources */,
				2423B1891D0D262D00A31ED2 /* Main.storyboard in Resources */,
			);
			runOnlyForDeploymentPostprocessing = 0;
		};
/* End PBXResourcesBuildPhase section */

/* Begin PBXSourcesBuildPhase section */
		2423B17C1D0D262D00A31ED2 /* Sources */ = {
			isa = PBXSourcesBuildPhase;
			buildActionMask = 2147483647;
			files = (
				2423B1861D0D262D00A31ED2 /* ViewController.swift in Sources */,
				2423B1841D0D262D00A31ED2 /* AppDelegate.swift in Sources */,
				2423B18C1D0D262D00A31ED2 /* AirHorn.xcdatamodeld in Sources */,
			);
			runOnlyForDeploymentPostprocessing = 0;
		};
/* End PBXSourcesBuildPhase section */

/* Begin PBXVariantGroup section */
		2423B1871D0D262D00A31ED2 /* Main.storyboard */ = {
			isa = PBXVariantGroup;
			children = (
				2423B1881D0D262D00A31ED2 /* Base */,
			);
			name = Main.storyboard;
			sourceTree = "<group>";
		};
		2423B18F1D0D262D00A31ED2 /* LaunchScreen.storyboard */ = {
			isa = PBXVariantGroup;
			children = (
				2423B1901D0D262D00A31ED2 /* Base */,
			);
			name = LaunchScreen.storyboard;
			sourceTree = "<group>";
		};
/* End PBXVariantGroup section */

/* Begin XCBuildConfiguration section */
		2423B1931D0D262D00A31ED2 /* Debug */ = {
			isa = XCBuildConfiguration;
			buildSettings = {
				ALWAYS_SEARCH_USER_PATHS = NO;
				CLANG_ANALYZER_NONNULL = YES;
				CLANG_CXX_LANGUAGE_STANDARD = "gnu++0x";
				CLANG_CXX_LIBRARY = "libc++";
				CLANG_ENABLE_MODULES = YES;
				CLANG_ENABLE_OBJC_ARC = YES;
				CLANG_WARN_BOOL_CONVERSION = YES;
				CLANG_WARN_CONSTANT_CONVERSION = YES;
				CLANG_WARN_DIRECT_OBJC_ISA_USAGE = YES_ERROR;
				CLANG_WARN_EMPTY_BODY = YES;
				CLANG_WARN_ENUM_CONVERSION = YES;
				CLANG_WARN_INT_CONVERSION = YES;
				CLANG_WARN_OBJC_ROOT_CLASS = YES_ERROR;
				CLANG_WARN_UNREACHABLE_CODE = YES;
				CLANG_WARN__DUPLICATE_METHOD_MATCH = YES;
				"CODE_SIGN_IDENTITY[sdk=iphoneos*]" = "iPhone Developer";
				COPY_PHASE_STRIP = NO;
				DEBUG_INFORMATION_FORMAT = dwarf;
				ENABLE_STRICT_OBJC_MSGSEND = YES;
				ENABLE_TESTABILITY = YES;
				GCC_C_LANGUAGE_STANDARD = gnu99;
				GCC_DYNAMIC_NO_PIC = NO;
				GCC_NO_COMMON_BLOCKS = YES;
				GCC_OPTIMIZATION_LEVEL = 0;
				GCC_PREPROCESSOR_DEFINITIONS = (
					"DEBUG=1",
					"$(inherited)",
				);
				GCC_WARN_64_TO_32_BIT_CONVERSION = YES;
				GCC_WARN_ABOUT_RETURN_TYPE = YES_ERROR;
				GCC_WARN_UNDECLARED_SELECTOR = YES;
				GCC_WARN_UNINITIALIZED_AUTOS = YES_AGGRESSIVE;
				GCC_WARN_UNUSED_FUNCTION = YES;
				GCC_WARN_UNUSED_VARIABLE = YES;
				IPHONEOS_DEPLOYMENT_TARGET = 9.3;
				MTL_ENABLE_DEBUG_INFO = YES;
				ONLY_ACTIVE_ARCH = YES;
				SDKROOT = iphoneos;
				SWIFT_OPTIMIZATION_LEVEL = "-Onone";
			};
			name = Debug;
		};
		2423B1941D0D262D00A31ED2 /* Release */ = {
			isa = XCBuildConfiguration;
			buildSettings = {
				ALWAYS_SEARCH_USER_PATHS = NO;
				CLANG_ANALYZER_NONNULL = YES;
				CLANG_CXX_LANGUAGE_STANDARD = "gnu++0x";
				CLANG_CXX_LIBRARY = "libc++";
				CLANG_ENABLE_MODULES = YES;
				CLANG_ENABLE_OBJC_ARC = YES;
				CLANG_WARN_BOOL_CONVERSION = YES;
				CLANG_WARN_CONSTANT_CONVERSION = YES;
				CLANG_WARN_DIRECT_OBJC_ISA_USAGE = YES_ERROR;
				CLANG_WARN_EMPTY_BODY = YES;
				CLANG_WARN_ENUM_CONVERSION = YES;
				CLANG_WARN_INT_CONVERSION = YES;
				CLANG_WARN_OBJC_ROOT_CLASS = YES_ERROR;
				CLANG_WARN_UNREACHABLE_CODE = YES;
				CLANG_WARN__DUPLICATE_METHOD_MATCH = YES;
				"CODE_SIGN_IDENTITY[sdk=iphoneos*]" = "iPhone Developer";
				COPY_PHASE_STRIP = NO;
				DEBUG_INFORMATION_FORMAT = "dwarf-with-dsym";
				ENABLE_NS_ASSERTIONS = NO;
				ENABLE_STRICT_OBJC_MSGSEND = YES;
				GCC_C_LANGUAGE_STANDARD = gnu99;
				GCC_NO_COMMON_BLOCKS = YES;
				GCC_WARN_64_TO_32_BIT_CONVERSION = YES;
				GCC_WARN_ABOUT_RETURN_TYPE = YES_ERROR;
				GCC_WARN_UNDECLARED_SELECTOR = YES;
				GCC_WARN_UNINITIALIZED_AUTOS = YES_AGGRESSIVE;
				GCC_WARN_UNUSED_FUNCTION = YES;
				GCC_WARN_UNUSED_VARIABLE = YES;
				IPHONEOS_DEPLOYMENT_TARGET = 9.3;
				MTL_ENABLE_DEBUG_INFO = NO;
				SDKROOT = iphoneos;
				VALIDATE_PRODUCT = YES;
			};
			name = Release;
		};
		2423B1961D0D262D00A31ED2 /* Debug */ = {
			isa = XCBuildConfiguration;
			buildSettings = {
				ASSETCATALOG_COMPILER_APPICON_NAME = AppIcon;
				INFOPLIST_FILE = AirHorn/Info.plist;
				LD_RUNPATH_SEARCH_PATHS = "$(inherited) @executable_path/Frameworks";
				PRODUCT_BUNDLE_IDENTIFIER = edu.deanza.areilly.AirHorn;
				PRODUCT_NAME = "$(TARGET_NAME)";
			};
			name = Debug;
		};
		2423B1971D0D262D00A31ED2 /* Release */ = {
			isa = XCBuildConfiguration;
			buildSettings = {
				ASSETCATALOG_COMPILER_APPICON_NAME = AppIcon;
				INFOPLIST_FILE = AirHorn/Info.plist;
				LD_RUNPATH_SEARCH_PATHS = "$(inherited) @executable_path/Frameworks";
				PRODUCT_BUNDLE_IDENTIFIER = edu.deanza.areilly.AirHorn;
				PRODUCT_NAME = "$(TARGET_NAME)";
			};
			name = Release;
		};
/* End XCBuildConfiguration section */

/* Begin XCConfigurationList section */
		2423B17B1D0D262D00A31ED2 /* Build configuration list for PBXProject "AirHorn" */ = {
			isa = XCConfigurationList;
			buildConfigurations = (
				2423B1931D0D262D00A31ED2 /* Debug */,
				2423B1941D0D262D00A31ED2 /* Release */,
			);
			defaultConfigurationIsVisible = 0;
			defaultConfigurationName = Release;
		};
		2423B1951D0D262D00A31ED2 /* Build configuration list for PBXNativeTarget "AirHorn" */ = {
			isa = XCConfigurationList;
			buildConfigurations = (
				2423B1961D0D262D00A31ED2 /* Debug */,
				2423B1971D0D262D00A31ED2 /* Release */,
			);
			defaultConfigurationIsVisible = 0;
		};
/* End XCConfigurationList section */

/* Begin XCVersionGroup section */
		2423B18A1D0D262D00A31ED2 /* AirHorn.xcdatamodeld */ = {
			isa = XCVersionGroup;
			children = (
				2423B18B1D0D262D00A31ED2 /* AirHorn.xcdatamodel */,
			);
			currentVersion = 2423B18B1D0D262D00A31ED2 /* AirHorn.xcdatamodel */;
			path = AirHorn.xcdatamodeld;
			sourceTree = "<group>";
			versionGroupType = wrapper.xcdatamodel;
		};
/* End XCVersionGroup section */
	};
	rootObject = 2423B1781D0D262D00A31ED2 /* Project object */;
}
